// !$*UTF8*$!
{
	archiveVersion = 1;
	classes = {
	};
	objectVersion = 50;
	objects = {

/* Begin PBXBuildFile section */
		CF35035E24F41CD90076A4C4 /* AppDelegate.swift in Sources */ = {isa = PBXBuildFile; fileRef = CF35035D24F41CD90076A4C4 /* AppDelegate.swift */; };
		CF35036024F41CD90076A4C4 /* SceneDelegate.swift in Sources */ = {isa = PBXBuildFile; fileRef = CF35035F24F41CD90076A4C4 /* SceneDelegate.swift */; };
		CF35036224F41CD90076A4C4 /* ViewController.swift in Sources */ = {isa = PBXBuildFile; fileRef = CF35036124F41CD90076A4C4 /* ViewController.swift */; };
		CF35036524F41CD90076A4C4 /* Main.storyboard in Resources */ = {isa = PBXBuildFile; fileRef = CF35036324F41CD90076A4C4 /* Main.storyboard */; };
		CF35036724F41CDA0076A4C4 /* Assets.xcassets in Resources */ = {isa = PBXBuildFile; fileRef = CF35036624F41CDA0076A4C4 /* Assets.xcassets */; };
		CF35036A24F41CDA0076A4C4 /* LaunchScreen.storyboard in Resources */ = {isa = PBXBuildFile; fileRef = CF35036824F41CDA0076A4C4 /* LaunchScreen.storyboard */; };
/* End PBXBuildFile section */

/* Begin PBXFileReference section */
		CF35035A24F41CD90076A4C4 /* WeeklyDayFinder.app */ = {isa = PBXFileReference; explicitFileType = wrapper.application; includeInIndex = 0; path = WeeklyDayFinder.app; sourceTree = BUILT_PRODUCTS_DIR; };
		CF35035D24F41CD90076A4C4 /* AppDelegate.swift */ = {isa = PBXFileReference; lastKnownFileType = sourcecode.swift; path = AppDelegate.swift; sourceTree = "<group>"; };
		CF35035F24F41CD90076A4C4 /* SceneDelegate.swift */ = {isa = PBXFileReference; lastKnownFileType = sourcecode.swift; path = SceneDelegate.swift; sourceTree = "<group>"; };
		CF35036124F41CD90076A4C4 /* ViewController.swift */ = {isa = PBXFileReference; lastKnownFileType = sourcecode.swift; path = ViewController.swift; sourceTree = "<group>"; };
		CF35036424F41CD90076A4C4 /* Base */ = {isa = PBXFileReference; lastKnownFileType = file.storyboard; name = Base; path = Base.lproj/Main.storyboard; sourceTree = "<group>"; };
		CF35036624F41CDA0076A4C4 /* Assets.xcassets */ = {isa = PBXFileReference; lastKnownFileType = folder.assetcatalog; path = Assets.xcassets; sourceTree = "<group>"; };
		CF35036924F41CDA0076A4C4 /* Base */ = {isa = PBXFileReference; lastKnownFileType = file.storyboard; name = Base; path = Base.lproj/LaunchScreen.storyboard; sourceTree = "<group>"; };
		CF35036B24F41CDA0076A4C4 /* Info.plist */ = {isa = PBXFileReference; lastKnownFileType = text.plist.xml; path = Info.plist; sourceTree = "<group>"; };
/* End PBXFileReference section */

/* Begin PBXFrameworksBuildPhase section */
		CF35035724F41CD90076A4C4 /* Frameworks */ = {
			isa = PBXFrameworksBuildPhase;
			buildActionMask = 2147483647;
			files = (
			);
			runOnlyForDeploymentPostprocessing = 0;
		};
/* End PBXFrameworksBuildPhase section */

/* Begin PBXGroup section */
		CF35035124F41CD90076A4C4 = {
			isa = PBXGroup;
			children = (
				CF35035C24F41CD90076A4C4 /* WeeklyDayFinder */,
				CF35035B24F41CD90076A4C4 /* Products */,
			);
			sourceTree = "<group>";
		};
		CF35035B24F41CD90076A4C4 /* Products */ = {
			isa = PBXGroup;
			children = (
				CF35035A24F41CD90076A4C4 /* WeeklyDayFinder.app */,
			);
			name = Products;
			sourceTree = "<group>";
		};
		CF35035C24F41CD90076A4C4 /* WeeklyDayFinder */ = {
			isa = PBXGroup;
			children = (
				CF35035D24F41CD90076A4C4 /* AppDelegate.swift */,
				CF35035F24F41CD90076A4C4 /* SceneDelegate.swift */,
				CF35036124F41CD90076A4C4 /* ViewController.swift */,
				CF35036324F41CD90076A4C4 /* Main.storyboard */,
				CF35036624F41CDA0076A4C4 /* Assets.xcassets */,
				CF35036824F41CDA0076A4C4 /* LaunchScreen.storyboard */,
				CF35036B24F41CDA0076A4C4 /* Info.plist */,
			);
			path = WeeklyDayFinder;
			sourceTree = "<group>";
		};
/* End PBXGroup section */

/* Begin PBXNativeTarget section */
		CF35035924F41CD90076A4C4 /* WeeklyDayFinder */ = {
			isa = PBXNativeTarget;
			buildConfigurationList = CF35036E24F41CDA0076A4C4 /* Build configuration list for PBXNativeTarget "WeeklyDayFinder" */;
			buildPhases = (
				CF35035624F41CD90076A4C4 /* Sources */,
				CF35035724F41CD90076A4C4 /* Frameworks */,
				CF35035824F41CD90076A4C4 /* Resources */,
			);
			buildRules = (
			);
			dependencies = (
			);
			name = WeeklyDayFinder;
			productName = WeeklyDayFinder;
			productReference = CF35035A24F41CD90076A4C4 /* WeeklyDayFinder.app */;
			productType = "com.apple.product-type.application";
		};
/* End PBXNativeTarget section */

/* Begin PBXProject section */
		CF35035224F41CD90076A4C4 /* Project object */ = {
			isa = PBXProject;
			attributes = {
				LastSwiftUpdateCheck = 1160;
				LastUpgradeCheck = 1160;
				ORGANIZATIONNAME = jekaterina.livcane;
				TargetAttributes = {
					CF35035924F41CD90076A4C4 = {
						CreatedOnToolsVersion = 11.6;
					};
				};
			};
			buildConfigurationList = CF35035524F41CD90076A4C4 /* Build configuration list for PBXProject "WeeklyDayFinder" */;
			compatibilityVersion = "Xcode 9.3";
			developmentRegion = en;
			hasScannedForEncodings = 0;
			knownRegions = (
				en,
				Base,
			);
			mainGroup = CF35035124F41CD90076A4C4;
			productRefGroup = CF35035B24F41CD90076A4C4 /* Products */;
			projectDirPath = "";
			projectRoot = "";
			targets = (
				CF35035924F41CD90076A4C4 /* WeeklyDayFinder */,
			);
		};
/* End PBXProject section */

/* Begin PBXResourcesBuildPhase section */
		CF35035824F41CD90076A4C4 /* Resources */ = {
			isa = PBXResourcesBuildPhase;
			buildActionMask = 2147483647;
			files = (
				CF35036A24F41CDA0076A4C4 /* LaunchScreen.storyboard in Resources */,
				CF35036724F41CDA0076A4C4 /* Assets.xcassets in Resources */,
				CF35036524F41CD90076A4C4 /* Main.storyboard in Resources */,
			);
			runOnlyForDeploymentPostprocessing = 0;
		};
/* End PBXResourcesBuildPhase section */

/* Begin PBXSourcesBuildPhase section */
		CF35035624F41CD90076A4C4 /* Sources */ = {
			isa = PBXSourcesBuildPhase;
			buildActionMask = 2147483647;
			files = (
				CF35036224F41CD90076A4C4 /* ViewController.swift in Sources */,
				CF35035E24F41CD90076A4C4 /* AppDelegate.swift in Sources */,
				CF35036024F41CD90076A4C4 /* SceneDelegate.swift in Sources */,
			);
			runOnlyForDeploymentPostprocessing = 0;
		};
/* End PBXSourcesBuildPhase section */

/* Begin PBXVariantGroup section */
		CF35036324F41CD90076A4C4 /* Main.storyboard */ = {
			isa = PBXVariantGroup;
			children = (
				CF35036424F41CD90076A4C4 /* Base */,
			);
			name = Main.storyboard;
			sourceTree = "<group>";
		};
		CF35036824F41CDA0076A4C4 /* LaunchScreen.storyboard */ = {
			isa = PBXVariantGroup;
			children = (
				CF35036924F41CDA0076A4C4 /* Base */,
			);
			name = LaunchScreen.storyboard;
			sourceTree = "<group>";
		};
/* End PBXVariantGroup section */

/* Begin XCBuildConfiguration section */
		CF35036C24F41CDA0076A4C4 /* Debug */ = {
			isa = XCBuildConfiguration;
			buildSettings = {
				ALWAYS_SEARCH_USER_PATHS = NO;
				CLANG_ANALYZER_NONNULL = YES;
				CLANG_ANALYZER_NUMBER_OBJECT_CONVERSION = YES_AGGRESSIVE;
				CLANG_CXX_LANGUAGE_STANDARD = "gnu++14";
				CLANG_CXX_LIBRARY = "libc++";
				CLANG_ENABLE_MODULES = YES;
				CLANG_ENABLE_OBJC_ARC = YES;
				CLANG_ENABLE_OBJC_WEAK = YES;
				CLANG_WARN_BLOCK_CAPTURE_AUTORELEASING = YES;
				CLANG_WARN_BOOL_CONVERSION = YES;
				CLANG_WARN_COMMA = YES;
				CLANG_WARN_CONSTANT_CONVERSION = YES;
				CLANG_WARN_DEPRECATED_OBJC_IMPLEMENTATIONS = YES;
				CLANG_WARN_DIRECT_OBJC_ISA_USAGE = YES_ERROR;
				CLANG_WARN_DOCUMENTATION_COMMENTS = YES;
				CLANG_WARN_EMPTY_BODY = YES;
				CLANG_WARN_ENUM_CONVERSION = YES;
				CLANG_WARN_INFINITE_RECURSION = YES;
				CLANG_WARN_INT_CONVERSION = YES;
				CLANG_WARN_NON_LITERAL_NULL_CONVERSION = YES;
				CLANG_WARN_OBJC_IMPLICIT_RETAIN_SELF = YES;
				CLANG_WARN_OBJC_LITERAL_CONVERSION = YES;
				CLANG_WARN_OBJC_ROOT_CLASS = YES_ERROR;
				CLANG_WARN_RANGE_LOOP_ANALYSIS = YES;
				CLANG_WARN_STRICT_PROTOTYPES = YES;
				CLANG_WARN_SUSPICIOUS_MOVE = YES;
				CLANG_WARN_UNGUARDED_AVAILABILITY = YES_AGGRESSIVE;
				CLANG_WARN_UNREACHABLE_CODE = YES;
				CLANG_WARN__DUPLICATE_METHOD_MATCH = YES;
				COPY_PHASE_STRIP = NO;
				DEBUG_INFORMATION_FORMAT = dwarf;
				ENABLE_STRICT_OBJC_MSGSEND = YES;
				ENABLE_TESTABILITY = YES;
				GCC_C_LANGUAGE_STANDARD = gnu11;
				GCC_DYNAMIC_NO_PIC = NO;
				GCC_NO_COMMON_BLOCKS = YES;
				GCC_OPTIMIZATION_LEVEL = 0;
				GCC_PREPROCESSOR_DEFINITIONS = (
					"DEBUG=1",
					"$(inherited)",
				);
				GCC_WARN_64_TO_32_BIT_CONVERSION = YES;
				GCC_WARN_ABOUT_RETURN_TYPE = YES_ERROR;
				GCC_WARN_UNDECLARED_SELECTOR = YES;
				GCC_WARN_UNINITIALIZED_AUTOS = YES_AGGRESSIVE;
				GCC_WARN_UNUSED_FUNCTION = YES;
				GCC_WARN_UNUSED_VARIABLE = YES;
				IPHONEOS_DEPLOYMENT_TARGET = 13.6;
				MTL_ENABLE_DEBUG_INFO = INCLUDE_SOURCE;
				MTL_FAST_MATH = YES;
				ONLY_ACTIVE_ARCH = YES;
				SDKROOT = iphoneos;
				SWIFT_ACTIVE_COMPILATION_CONDITIONS = DEBUG;
				SWIFT_OPTIMIZATION_LEVEL = "-Onone";
			};
			name = Debug;
		};
		CF35036D24F41CDA0076A4C4 /* Release */ = {
			isa = XCBuildConfiguration;
			buildSettings = {
				ALWAYS_SEARCH_USER_PATHS = NO;
				CLANG_ANALYZER_NONNULL = YES;
				CLANG_ANALYZER_NUMBER_OBJECT_CONVERSION = YES_AGGRESSIVE;
				CLANG_CXX_LANGUAGE_STANDARD = "gnu++14";
				CLANG_CXX_LIBRARY = "libc++";
				CLANG_ENABLE_MODULES = YES;
				CLANG_ENABLE_OBJC_ARC = YES;
				CLANG_ENABLE_OBJC_WEAK = YES;
				CLANG_WARN_BLOCK_CAPTURE_AUTORELEASING = YES;
				CLANG_WARN_BOOL_CONVERSION = YES;
				CLANG_WARN_COMMA = YES;
				CLANG_WARN_CONSTANT_CONVERSION = YES;
				CLANG_WARN_DEPRECATED_OBJC_IMPLEMENTATIONS = YES;
				CLANG_WARN_DIRECT_OBJC_ISA_USAGE = YES_ERROR;
				CLANG_WARN_DOCUMENTATION_COMMENTS = YES;
				CLANG_WARN_EMPTY_BODY = YES;
				CLANG_WARN_ENUM_CONVERSION = YES;
				CLANG_WARN_INFINITE_RECURSION = YES;
				CLANG_WARN_INT_CONVERSION = YES;
				CLANG_WARN_NON_LITERAL_NULL_CONVERSION = YES;
				CLANG_WARN_OBJC_IMPLICIT_RETAIN_SELF = YES;
				CLANG_WARN_OBJC_LITERAL_CONVERSION = YES;
				CLANG_WARN_OBJC_ROOT_CLASS = YES_ERROR;
				CLANG_WARN_RANGE_LOOP_ANALYSIS = YES;
				CLANG_WARN_STRICT_PROTOTYPES = YES;
				CLANG_WARN_SUSPICIOUS_MOVE = YES;
				CLANG_WARN_UNGUARDED_AVAILABILITY = YES_AGGRESSIVE;
				CLANG_WARN_UNREACHABLE_CODE = YES;
				CLANG_WARN__DUPLICATE_METHOD_MATCH = YES;
				COPY_PHASE_STRIP = NO;
				DEBUG_INFORMATION_FORMAT = "dwarf-with-dsym";
				ENABLE_NS_ASSERTIONS = NO;
				ENABLE_STRICT_OBJC_MSGSEND = YES;
				GCC_C_LANGUAGE_STANDARD = gnu11;
				GCC_NO_COMMON_BLOCKS = YES;
				GCC_WARN_64_TO_32_BIT_CONVERSION = YES;
				GCC_WARN_ABOUT_RETURN_TYPE = YES_ERROR;
				GCC_WARN_UNDECLARED_SELECTOR = YES;
				GCC_WARN_UNINITIALIZED_AUTOS = YES_AGGRESSIVE;
				GCC_WARN_UNUSED_FUNCTION = YES;
				GCC_WARN_UNUSED_VARIABLE = YES;
				IPHONEOS_DEPLOYMENT_TARGET = 13.6;
				MTL_ENABLE_DEBUG_INFO = NO;
				MTL_FAST_MATH = YES;
				SDKROOT = iphoneos;
				SWIFT_COMPILATION_MODE = wholemodule;
				SWIFT_OPTIMIZATION_LEVEL = "-O";
				VALIDATE_PRODUCT = YES;
			};
			name = Release;
		};
		CF35036F24F41CDA0076A4C4 /* Debug */ = {
			isa = XCBuildConfiguration;
			buildSettings = {
				ASSETCATALOG_COMPILER_APPICON_NAME = AppIcon;
				CODE_SIGN_STYLE = Manual;
				DEVELOPMENT_TEAM = "";
				INFOPLIST_FILE = WeeklyDayFinder/Info.plist;
				LD_RUNPATH_SEARCH_PATHS = (
					"$(inherited)",
					"@executable_path/Frameworks",
				);
				PRODUCT_BUNDLE_IDENTIFIER = lv.katjaapp.WeeklyDayFinder;
				PRODUCT_NAME = "$(TARGET_NAME)";
				PROVISIONING_PROFILE_SPECIFIER = "";
				SWIFT_VERSION = 5.0;
				TARGETED_DEVICE_FAMILY = "1,2";
			};
			name = Debug;
		};
		CF35037024F41CDA0076A4C4 /* Release */ = {
			isa = XCBuildConfiguration;
			buildSettings = {
				ASSETCATALOG_COMPILER_APPICON_NAME = AppIcon;
				CODE_SIGN_STYLE = Manual;
				DEVELOPMENT_TEAM = "";
				INFOPLIST_FILE = WeeklyDayFinder/Info.plist;
				LD_RUNPATH_SEARCH_PATHS = (
					"$(inherited)",
					"@executable_path/Frameworks",
				);
				PRODUCT_BUNDLE_IDENTIFIER = lv.katjaapp.WeeklyDayFinder;
				PRODUCT_NAME = "$(TARGET_NAME)";
				PROVISIONING_PROFILE_SPECIFIER = "";
				SWIFT_VERSION = 5.0;
				TARGETED_DEVICE_FAMILY = "1,2";
			};
			name = Release;
		};
/* End XCBuildConfiguration section */

/* Begin XCConfigurationList section */
		CF35035524F41CD90076A4C4 /* Build configuration list for PBXProject "WeeklyDayFinder" */ = {
			isa = XCConfigurationList;
			buildConfigurations = (
				CF35036C24F41CDA0076A4C4 /* Debug */,
				CF35036D24F41CDA0076A4C4 /* Release */,
			);
			defaultConfigurationIsVisible = 0;
			defaultConfigurationName = Release;
		};
		CF35036E24F41CDA0076A4C4 /* Build configuration list for PBXNativeTarget "WeeklyDayFinder" */ = {
			isa = XCConfigurationList;
			buildConfigurations = (
				CF35036F24F41CDA0076A4C4 /* Debug */,
				CF35037024F41CDA0076A4C4 /* Release */,
			);
			defaultConfigurationIsVisible = 0;
			defaultConfigurationName = Release;
		};
/* End XCConfigurationList section */
	};
	rootObject = CF35035224F41CD90076A4C4 /* Project object */;
}
